
Microsoft Visual Studio Solution File, Format Version 12.00
# Visual Studio Version 16
VisualStudioVersion = 16.0.30104.148
MinimumVisualStudioVersion = 10.0.40219.1
Project("{FAE04EC0-301F-11D3-BF4B-00C04F79EFBC}") = "Processes", "Processes\Processes.csproj", "{B0A9E80F-E19E-46D5-B8BD-6D04AD341D37}"
EndProject
Global
	GlobalSection(SolutionConfigurationPlatforms) = preSolution
		Debug|Any CPU = Debug|Any CPU
		Release|Any CPU = Release|Any CPU
	EndGlobalSection
	GlobalSection(ProjectConfigurationPlatforms) = postSolution
		{B0A9E80F-E19E-46D5-B8BD-6D04AD341D37}.Debug|Any CPU.ActiveCfg = Debug|Any CPU
		{B0A9E80F-E19E-46D5-B8BD-6D04AD341D37}.Debug|Any CPU.Build.0 = Debug|Any CPU
		{B0A9E80F-E19E-46D5-B8BD-6D04AD341D37}.Release|Any CPU.ActiveCfg = Release|Any CPU
		{B0A9E80F-E19E-46D5-B8BD-6D04AD341D37}.Release|Any CPU.Build.0 = Release|Any CPU
	EndGlobalSection
	GlobalSection(SolutionProperties) = preSolution
		HideSolutionNode = FALSE
	EndGlobalSection
	GlobalSection(ExtensibilityGlobals) = postSolution
		SolutionGuid = {4B96B4D7-4FDE-4B08-82CE-B787519AC442}
	EndGlobalSection
EndGlobal
